
Microsoft Visual Studio Solution File, Format Version 12.00
Project("{FAE04EC0-301F-11D3-BF4B-00C04F79EFBC}") = "MoneyExampleTest", "MoneyExampleTest\MoneyExampleTest.csproj", "{495F6C41-AB7A-4FA0-9DC5-022C796A1879}"
EndProject
Project("{FAE04EC0-301F-11D3-BF4B-00C04F79EFBC}") = "MoneyExample", "MoneyExample\MoneyExample.csproj", "{BCD0FD2B-0D39-4B8A-9B08-4C479885040D}"
EndProject
Global
	GlobalSection(SolutionConfigurationPlatforms) = preSolution
		Debug|Any CPU = Debug|Any CPU
		Release|Any CPU = Release|Any CPU
	EndGlobalSection
	GlobalSection(ProjectConfigurationPlatforms) = postSolution
		{495F6C41-AB7A-4FA0-9DC5-022C796A1879}.Debug|Any CPU.ActiveCfg = Debug|Any CPU
		{495F6C41-AB7A-4FA0-9DC5-022C796A1879}.Debug|Any CPU.Build.0 = Debug|Any CPU
		{495F6C41-AB7A-4FA0-9DC5-022C796A1879}.Release|Any CPU.ActiveCfg = Release|Any CPU
		{495F6C41-AB7A-4FA0-9DC5-022C796A1879}.Release|Any CPU.Build.0 = Release|Any CPU
		{BCD0FD2B-0D39-4B8A-9B08-4C479885040D}.Debug|Any CPU.ActiveCfg = Debug|Any CPU
		{BCD0FD2B-0D39-4B8A-9B08-4C479885040D}.Debug|Any CPU.Build.0 = Debug|Any CPU
		{BCD0FD2B-0D39-4B8A-9B08-4C479885040D}.Release|Any CPU.ActiveCfg = Release|Any CPU
		{BCD0FD2B-0D39-4B8A-9B08-4C479885040D}.Release|Any CPU.Build.0 = Release|Any CPU
	EndGlobalSection
EndGlobal
